
Microsoft Visual Studio Solution File, Format Version 12.00
# Visual Studio Version 17
VisualStudioVersion = 17.8.34330.188
MinimumVisualStudioVersion = 10.0.40219.1
Project("{9A19103F-16F7-4668-BE54-9A1E7A4F7556}") = "MyCode Backend Server", "MyCode Backend Server\MyCode Backend Server.csproj", "{9317483E-5783-40BD-BA0F-A70476E395E5}"
EndProject
Project("{9A19103F-16F7-4668-BE54-9A1E7A4F7556}") = "MyCode Backend Server Tests", "MyCode Backend Server Tests\MyCode Backend Server Tests.csproj", "{8DDE0A64-B093-4412-9D87-BF837CE7CAA0}"
EndProject
Project("{54A90642-561A-4BB1-A94E-469ADEE60C69}") = "mycodereactserver", "..\mycodereactserver\mycodereactserver.esproj", "{678257D8-1443-4E80-8229-6AF14DE9A7C5}"
EndProject
Global
	GlobalSection(SolutionConfigurationPlatforms) = preSolution
		Debug|Any CPU = Debug|Any CPU
		Release|Any CPU = Release|Any CPU
	EndGlobalSection
	GlobalSection(ProjectConfigurationPlatforms) = postSolution
		{9317483E-5783-40BD-BA0F-A70476E395E5}.Debug|Any CPU.ActiveCfg = Debug|Any CPU
		{9317483E-5783-40BD-BA0F-A70476E395E5}.Debug|Any CPU.Build.0 = Debug|Any CPU
		{9317483E-5783-40BD-BA0F-A70476E395E5}.Release|Any CPU.ActiveCfg = Release|Any CPU
		{9317483E-5783-40BD-BA0F-A70476E395E5}.Release|Any CPU.Build.0 = Release|Any CPU
		{8DDE0A64-B093-4412-9D87-BF837CE7CAA0}.Debug|Any CPU.ActiveCfg = Debug|Any CPU
		{8DDE0A64-B093-4412-9D87-BF837CE7CAA0}.Debug|Any CPU.Build.0 = Debug|Any CPU
		{8DDE0A64-B093-4412-9D87-BF837CE7CAA0}.Release|Any CPU.ActiveCfg = Release|Any CPU
		{8DDE0A64-B093-4412-9D87-BF837CE7CAA0}.Release|Any CPU.Build.0 = Release|Any CPU
		{678257D8-1443-4E80-8229-6AF14DE9A7C5}.Debug|Any CPU.ActiveCfg = Debug|Any CPU
		{678257D8-1443-4E80-8229-6AF14DE9A7C5}.Debug|Any CPU.Build.0 = Debug|Any CPU
		{678257D8-1443-4E80-8229-6AF14DE9A7C5}.Debug|Any CPU.Deploy.0 = Debug|Any CPU
		{678257D8-1443-4E80-8229-6AF14DE9A7C5}.Release|Any CPU.ActiveCfg = Release|Any CPU
		{678257D8-1443-4E80-8229-6AF14DE9A7C5}.Release|Any CPU.Build.0 = Release|Any CPU
		{678257D8-1443-4E80-8229-6AF14DE9A7C5}.Release|Any CPU.Deploy.0 = Release|Any CPU
	EndGlobalSection
	GlobalSection(SolutionProperties) = preSolution
		HideSolutionNode = FALSE
	EndGlobalSection
	GlobalSection(ExtensibilityGlobals) = postSolution
		SolutionGuid = {FF8DE2F4-02E8-4AA7-A75D-FC6AD276EEE0}
	EndGlobalSection
EndGlobal
